// !$*UTF8*$!
{
	archiveVersion = 1;
	classes = {
	};
	objectVersion = 77;
	objects = {

/* Begin PBXContainerItemProxy section */
		D297F90E2E493DEC007D3A66 /* PBXContainerItemProxy */ = {
			isa = PBXContainerItemProxy;
			containerPortal = D297F8EF2E493DEC007D3A66 /* Project object */;
			proxyType = 1;
			remoteGlobalIDString = D297F8F62E493DEC007D3A66;
			remoteInfo = AirbnbClone;
		};
		D297F9182E493DEC007D3A66 /* PBXContainerItemProxy */ = {
			isa = PBXContainerItemProxy;
			containerPortal = D297F8EF2E493DEC007D3A66 /* Project object */;
			proxyType = 1;
			remoteGlobalIDString = D297F8F62E493DEC007D3A66;
			remoteInfo = AirbnbClone;
		};
/* End PBXContainerItemProxy section */

/* Begin PBXFileReference section */
		D297F8F72E493DEC007D3A66 /* AirbnbClone.app */ = {isa = PBXFileReference; explicitFileType = wrapper.application; includeInIndex = 0; path = AirbnbClone.app; sourceTree = BUILT_PRODUCTS_DIR; };
		D297F90D2E493DEC007D3A66 /* AirbnbCloneTests.xctest */ = {isa = PBXFileReference; explicitFileType = wrapper.cfbundle; includeInIndex = 0; path = AirbnbCloneTests.xctest; sourceTree = BUILT_PRODUCTS_DIR; };
		D297F9172E493DEC007D3A66 /* AirbnbCloneUITests.xctest */ = {isa = PBXFileReference; explicitFileType = wrapper.cfbundle; includeInIndex = 0; path = AirbnbCloneUITests.xctest; sourceTree = BUILT_PRODUCTS_DIR; };
/* End PBXFileReference section */

/* Begin PBXFileSystemSynchronizedBuildFileExceptionSet section */
		D297F91F2E493DEC007D3A66 /* Exceptions for "AirbnbClone" folder in "AirbnbClone" target */ = {
			isa = PBXFileSystemSynchronizedBuildFileExceptionSet;
			membershipExceptions = (
				Resources/Info.plist,
			);
			target = D297F8F62E493DEC007D3A66 /* AirbnbClone */;
		};
/* End PBXFileSystemSynchronizedBuildFileExceptionSet section */

/* Begin PBXFileSystemSynchronizedRootGroup section */
		D297F8F92E493DEC007D3A66 /* AirbnbClone */ = {
			isa = PBXFileSystemSynchronizedRootGroup;
			exceptions = (
				D297F91F2E493DEC007D3A66 /* Exceptions for "AirbnbClone" folder in "AirbnbClone" target */,
			);
			path = AirbnbClone;
			sourceTree = "<group>";
		};
		D297F9102E493DEC007D3A66 /* AirbnbCloneTests */ = {
			isa = PBXFileSystemSynchronizedRootGroup;
			path = AirbnbCloneTests;
			sourceTree = "<group>";
		};
		D297F91A2E493DEC007D3A66 /* AirbnbCloneUITests */ = {
			isa = PBXFileSystemSynchronizedRootGroup;
			path = AirbnbCloneUITests;
			sourceTree = "<group>";
		};
/* End PBXFileSystemSynchronizedRootGroup section */

/* Begin PBXFrameworksBuildPhase section */
		D297F8F42E493DEC007D3A66 /* Frameworks */ = {
			isa = PBXFrameworksBuildPhase;
			buildActionMask = 2147483647;
			files = (
			);
			runOnlyForDeploymentPostprocessing = 0;
		};
		D297F90A2E493DEC007D3A66 /* Frameworks */ = {
			isa = PBXFrameworksBuildPhase;
			buildActionMask = 2147483647;
			files = (
			);
			runOnlyForDeploymentPostprocessing = 0;
		};
		D297F9142E493DEC007D3A66 /* Frameworks */ = {
			isa = PBXFrameworksBuildPhase;
			buildActionMask = 2147483647;
			files = (
			);
			runOnlyForDeploymentPostprocessing = 0;
		};
/* End PBXFrameworksBuildPhase section */

/* Begin PBXGroup section */
		D297F8EE2E493DEC007D3A66 = {
			isa = PBXGroup;
			children = (
				D297F8F92E493DEC007D3A66 /* AirbnbClone */,
				D297F9102E493DEC007D3A66 /* AirbnbCloneTests */,
				D297F91A2E493DEC007D3A66 /* AirbnbCloneUITests */,
				D297F8F82E493DEC007D3A66 /* Products */,
			);
			sourceTree = "<group>";
		};
		D297F8F82E493DEC007D3A66 /* Products */ = {
			isa = PBXGroup;
			children = (
				D297F8F72E493DEC007D3A66 /* AirbnbClone.app */,
				D297F90D2E493DEC007D3A66 /* AirbnbCloneTests.xctest */,
				D297F9172E493DEC007D3A66 /* AirbnbCloneUITests.xctest */,
			);
			name = Products;
			sourceTree = "<group>";
		};
/* End PBXGroup section */

/* Begin PBXNativeTarget section */
		D297F8F62E493DEC007D3A66 /* AirbnbClone */ = {
			isa = PBXNativeTarget;
			buildConfigurationList = D297F9202E493DEC007D3A66 /* Build configuration list for PBXNativeTarget "AirbnbClone" */;
			buildPhases = (
				D297F8F32E493DEC007D3A66 /* Sources */,
				D297F8F42E493DEC007D3A66 /* Frameworks */,
				D297F8F52E493DEC007D3A66 /* Resources */,
			);
			buildRules = (
			);
			dependencies = (
			);
			fileSystemSynchronizedGroups = (
				D297F8F92E493DEC007D3A66 /* AirbnbClone */,
			);
			name = AirbnbClone;
			packageProductDependencies = (
			);
			productName = AirbnbClone;
			productReference = D297F8F72E493DEC007D3A66 /* AirbnbClone.app */;
			productType = "com.apple.product-type.application";
		};
		D297F90C2E493DEC007D3A66 /* AirbnbCloneTests */ = {
			isa = PBXNativeTarget;
			buildConfigurationList = D297F9252E493DEC007D3A66 /* Build configuration list for PBXNativeTarget "AirbnbCloneTests" */;
			buildPhases = (
				D297F9092E493DEC007D3A66 /* Sources */,
				D297F90A2E493DEC007D3A66 /* Frameworks */,
				D297F90B2E493DEC007D3A66 /* Resources */,
			);
			buildRules = (
			);
			dependencies = (
				D297F90F2E493DEC007D3A66 /* PBXTargetDependency */,
			);
			fileSystemSynchronizedGroups = (
				D297F9102E493DEC007D3A66 /* AirbnbCloneTests */,
			);
			name = AirbnbCloneTests;
			packageProductDependencies = (
			);
			productName = AirbnbCloneTests;
			productReference = D297F90D2E493DEC007D3A66 /* AirbnbCloneTests.xctest */;
			productType = "com.apple.product-type.bundle.unit-test";
		};
		D297F9162E493DEC007D3A66 /* AirbnbCloneUITests */ = {
			isa = PBXNativeTarget;
			buildConfigurationList = D297F9282E493DEC007D3A66 /* Build configuration list for PBXNativeTarget "AirbnbCloneUITests" */;
			buildPhases = (
				D297F9132E493DEC007D3A66 /* Sources */,
				D297F9142E493DEC007D3A66 /* Frameworks */,
				D297F9152E493DEC007D3A66 /* Resources */,
			);
			buildRules = (
			);
			dependencies = (
				D297F9192E493DEC007D3A66 /* PBXTargetDependency */,
			);
			fileSystemSynchronizedGroups = (
				D297F91A2E493DEC007D3A66 /* AirbnbCloneUITests */,
			);
			name = AirbnbCloneUITests;
			packageProductDependencies = (
			);
			productName = AirbnbCloneUITests;
			productReference = D297F9172E493DEC007D3A66 /* AirbnbCloneUITests.xctest */;
			productType = "com.apple.product-type.bundle.ui-testing";
		};
/* End PBXNativeTarget section */

/* Begin PBXProject section */
		D297F8EF2E493DEC007D3A66 /* Project object */ = {
			isa = PBXProject;
			attributes = {
				BuildIndependentTargetsInParallel = 1;
				LastSwiftUpdateCheck = 1640;
				LastUpgradeCheck = 1640;
				TargetAttributes = {
					D297F8F62E493DEC007D3A66 = {
						CreatedOnToolsVersion = 16.4;
					};
					D297F90C2E493DEC007D3A66 = {
						CreatedOnToolsVersion = 16.4;
						TestTargetID = D297F8F62E493DEC007D3A66;
					};
					D297F9162E493DEC007D3A66 = {
						CreatedOnToolsVersion = 16.4;
						TestTargetID = D297F8F62E493DEC007D3A66;
					};
				};
			};
			buildConfigurationList = D297F8F22E493DEC007D3A66 /* Build configuration list for PBXProject "AirbnbClone" */;
			developmentRegion = en;
			hasScannedForEncodings = 0;
			knownRegions = (
				en,
				Base,
			);
			mainGroup = D297F8EE2E493DEC007D3A66;
			minimizedProjectReferenceProxies = 1;
			preferredProjectObjectVersion = 77;
			productRefGroup = D297F8F82E493DEC007D3A66 /* Products */;
			projectDirPath = "";
			projectRoot = "";
			targets = (
				D297F8F62E493DEC007D3A66 /* AirbnbClone */,
				D297F90C2E493DEC007D3A66 /* AirbnbCloneTests */,
				D297F9162E493DEC007D3A66 /* AirbnbCloneUITests */,
			);
		};
/* End PBXProject section */

/* Begin PBXResourcesBuildPhase section */
		D297F8F52E493DEC007D3A66 /* Resources */ = {
			isa = PBXResourcesBuildPhase;
			buildActionMask = 2147483647;
			files = (
			);
			runOnlyForDeploymentPostprocessing = 0;
		};
		D297F90B2E493DEC007D3A66 /* Resources */ = {
			isa = PBXResourcesBuildPhase;
			buildActionMask = 2147483647;
			files = (
			);
			runOnlyForDeploymentPostprocessing = 0;
		};
		D297F9152E493DEC007D3A66 /* Resources */ = {
			isa = PBXResourcesBuildPhase;
			buildActionMask = 2147483647;
			files = (
			);
			runOnlyForDeploymentPostprocessing = 0;
		};
/* End PBXResourcesBuildPhase section */

/* Begin PBXSourcesBuildPhase section */
		D297F8F32E493DEC007D3A66 /* Sources */ = {
			isa = PBXSourcesBuildPhase;
			buildActionMask = 2147483647;
			files = (
			);
			runOnlyForDeploymentPostprocessing = 0;
		};
		D297F9092E493DEC007D3A66 /* Sources */ = {
			isa = PBXSourcesBuildPhase;
			buildActionMask = 2147483647;
			files = (
			);
			runOnlyForDeploymentPostprocessing = 0;
		};
		D297F9132E493DEC007D3A66 /* Sources */ = {
			isa = PBXSourcesBuildPhase;
			buildActionMask = 2147483647;
			files = (
			);
			runOnlyForDeploymentPostprocessing = 0;
		};
/* End PBXSourcesBuildPhase section */

/* Begin PBXTargetDependency section */
		D297F90F2E493DEC007D3A66 /* PBXTargetDependency */ = {
			isa = PBXTargetDependency;
			target = D297F8F62E493DEC007D3A66 /* AirbnbClone */;
			targetProxy = D297F90E2E493DEC007D3A66 /* PBXContainerItemProxy */;
		};
		D297F9192E493DEC007D3A66 /* PBXTargetDependency */ = {
			isa = PBXTargetDependency;
			target = D297F8F62E493DEC007D3A66 /* AirbnbClone */;
			targetProxy = D297F9182E493DEC007D3A66 /* PBXContainerItemProxy */;
		};
/* End PBXTargetDependency section */

/* Begin XCBuildConfiguration section */
		D297F9212E493DEC007D3A66 /* Debug */ = {
			isa = XCBuildConfiguration;
			buildSettings = {
				ASSETCATALOG_COMPILER_APPICON_NAME = AppIcon;
				ASSETCATALOG_COMPILER_GLOBAL_ACCENT_COLOR_NAME = AccentColor;
				CODE_SIGN_STYLE = Automatic;
				CURRENT_PROJECT_VERSION = 1;
				GENERATE_INFOPLIST_FILE = YES;
				INFOPLIST_FILE = AirbnbClone/Resources/Info.plist;
				INFOPLIST_KEY_UIApplicationSupportsIndirectInputEvents = YES;
				INFOPLIST_KEY_UILaunchStoryboardName = LaunchScreen;
				INFOPLIST_KEY_UISupportedInterfaceOrientations_iPad = "UIInterfaceOrientationPortrait UIInterfaceOrientationPortraitUpsideDown UIInterfaceOrientationLandscapeLeft UIInterfaceOrientationLandscapeRight";
				INFOPLIST_KEY_UISupportedInterfaceOrientations_iPhone = "UIInterfaceOrientationPortrait UIInterfaceOrientationLandscapeLeft UIInterfaceOrientationLandscapeRight";
				LD_RUNPATH_SEARCH_PATHS = (
					"$(inherited)",
					"@executable_path/Frameworks",
				);
				MARKETING_VERSION = 1.0;
				PRODUCT_BUNDLE_IDENTIFIER = enginbolat.AirbnbClone;
				PRODUCT_NAME = "$(TARGET_NAME)";
				SWIFT_EMIT_LOC_STRINGS = YES;
				SWIFT_VERSION = 5.0;
				TARGETED_DEVICE_FAMILY = "1,2";
			};
			name = Debug;
		};
		D297F9222E493DEC007D3A66 /* Release */ = {
			isa = XCBuildConfiguration;
			buildSettings = {
				ASSETCATALOG_COMPILER_APPICON_NAME = AppIcon;
				ASSETCATALOG_COMPILER_GLOBAL_ACCENT_COLOR_NAME = AccentColor;
				CODE_SIGN_STYLE = Automatic;
				CURRENT_PROJECT_VERSION = 1;
				GENERATE_INFOPLIST_FILE = YES;
				INFOPLIST_FILE = AirbnbClone/Resources/Info.plist;
				INFOPLIST_KEY_UIApplicationSupportsIndirectInputEvents = YES;
				INFOPLIST_KEY_UILaunchStoryboardName = LaunchScreen;
				INFOPLIST_KEY_UISupportedInterfaceOrientations_iPad = "UIInterfaceOrientationPortrait UIInterfaceOrientationPortraitUpsideDown UIInterfaceOrientationLandscapeLeft UIInterfaceOrientationLandscapeRight";
				INFOPLIST_KEY_UISupportedInterfaceOrientations_iPhone = "UIInterfaceOrientationPortrait UIInterfaceOrientationLandscapeLeft UIInterfaceOrientationLandscapeRight";
				LD_RUNPATH_SEARCH_PATHS = (
					"$(inherited)",
					"@executable_path/Frameworks",
				);
				MARKETING_VERSION = 1.0;
				PRODUCT_BUNDLE_IDENTIFIER = enginbolat.AirbnbClone;
				PRODUCT_NAME = "$(TARGET_NAME)";
				SWIFT_EMIT_LOC_STRINGS = YES;
				SWIFT_VERSION = 5.0;
				TARGETED_DEVICE_FAMILY = "1,2";
			};
			name = Release;
		};
		D297F9232E493DEC007D3A66 /* Debug */ = {
			isa = XCBuildConfiguration;
			buildSettings = {
				ALWAYS_SEARCH_USER_PATHS = NO;
				ASSETCATALOG_COMPILER_GENERATE_SWIFT_ASSET_SYMBOL_EXTENSIONS = YES;
				CLANG_ANALYZER_NONNULL = YES;
				CLANG_ANALYZER_NUMBER_OBJECT_CONVERSION = YES_AGGRESSIVE;
				CLANG_CXX_LANGUAGE_STANDARD = "gnu++20";
				CLANG_ENABLE_MODULES = YES;
				CLANG_ENABLE_OBJC_ARC = YES;
				CLANG_ENABLE_OBJC_WEAK = YES;
				CLANG_WARN_BLOCK_CAPTURE_AUTORELEASING = YES;
				CLANG_WARN_BOOL_CONVERSION = YES;
				CLANG_WARN_COMMA = YES;
				CLANG_WARN_CONSTANT_CONVERSION = YES;
				CLANG_WARN_DEPRECATED_OBJC_IMPLEMENTATIONS = YES;
				CLANG_WARN_DIRECT_OBJC_ISA_USAGE = YES_ERROR;
				CLANG_WARN_DOCUMENTATION_COMMENTS = YES;
				CLANG_WARN_EMPTY_BODY = YES;
				CLANG_WARN_ENUM_CONVERSION = YES;
				CLANG_WARN_INFINITE_RECURSION = YES;
				CLANG_WARN_INT_CONVERSION = YES;
				CLANG_WARN_NON_LITERAL_NULL_CONVERSION = YES;
				CLANG_WARN_OBJC_IMPLICIT_RETAIN_SELF = YES;
				CLANG_WARN_OBJC_LITERAL_CONVERSION = YES;
				CLANG_WARN_OBJC_ROOT_CLASS = YES_ERROR;
				CLANG_WARN_QUOTED_INCLUDE_IN_FRAMEWORK_HEADER = YES;
				CLANG_WARN_RANGE_LOOP_ANALYSIS = YES;
				CLANG_WARN_STRICT_PROTOTYPES = YES;
				CLANG_WARN_SUSPICIOUS_MOVE = YES;
				CLANG_WARN_UNGUARDED_AVAILABILITY = YES_AGGRESSIVE;
				CLANG_WARN_UNREACHABLE_CODE = YES;
				CLANG_WARN__DUPLICATE_METHOD_MATCH = YES;
				COPY_PHASE_STRIP = NO;
				DEBUG_INFORMATION_FORMAT = dwarf;
				ENABLE_STRICT_OBJC_MSGSEND = YES;
				ENABLE_TESTABILITY = YES;
				ENABLE_USER_SCRIPT_SANDBOXING = YES;
				GCC_C_LANGUAGE_STANDARD = gnu17;
				GCC_DYNAMIC_NO_PIC = NO;
				GCC_NO_COMMON_BLOCKS = YES;
				GCC_OPTIMIZATION_LEVEL = 0;
				GCC_PREPROCESSOR_DEFINITIONS = (
					"DEBUG=1",
					"$(inherited)",
				);
				GCC_WARN_64_TO_32_BIT_CONVERSION = YES;
				GCC_WARN_ABOUT_RETURN_TYPE = YES_ERROR;
				GCC_WARN_UNDECLARED_SELECTOR = YES;
				GCC_WARN_UNINITIALIZED_AUTOS = YES_AGGRESSIVE;
				GCC_WARN_UNUSED_FUNCTION = YES;
				GCC_WARN_UNUSED_VARIABLE = YES;
				IPHONEOS_DEPLOYMENT_TARGET = 18.5;
				LOCALIZATION_PREFERS_STRING_CATALOGS = YES;
				MTL_ENABLE_DEBUG_INFO = INCLUDE_SOURCE;
				MTL_FAST_MATH = YES;
				ONLY_ACTIVE_ARCH = YES;
				SDKROOT = iphoneos;
				SWIFT_ACTIVE_COMPILATION_CONDITIONS = "DEBUG $(inherited)";
				SWIFT_OPTIMIZATION_LEVEL = "-Onone";
			};
			name = Debug;
		};
		D297F9242E493DEC007D3A66 /* Release */ = {
			isa = XCBuildConfiguration;
			buildSettings = {
				ALWAYS_SEARCH_USER_PATHS = NO;
				ASSETCATALOG_COMPILER_GENERATE_SWIFT_ASSET_SYMBOL_EXTENSIONS = YES;
				CLANG_ANALYZER_NONNULL = YES;
				CLANG_ANALYZER_NUMBER_OBJECT_CONVERSION = YES_AGGRESSIVE;
				CLANG_CXX_LANGUAGE_STANDARD = "gnu++20";
				CLANG_ENABLE_MODULES = YES;
				CLANG_ENABLE_OBJC_ARC = YES;
				CLANG_ENABLE_OBJC_WEAK = YES;
				CLANG_WARN_BLOCK_CAPTURE_AUTORELEASING = YES;
				CLANG_WARN_BOOL_CONVERSION = YES;
				CLANG_WARN_COMMA = YES;
				CLANG_WARN_CONSTANT_CONVERSION = YES;
				CLANG_WARN_DEPRECATED_OBJC_IMPLEMENTATIONS = YES;
				CLANG_WARN_DIRECT_OBJC_ISA_USAGE = YES_ERROR;
				CLANG_WARN_DOCUMENTATION_COMMENTS = YES;
				CLANG_WARN_EMPTY_BODY = YES;
				CLANG_WARN_ENUM_CONVERSION = YES;
				CLANG_WARN_INFINITE_RECURSION = YES;
				CLANG_WARN_INT_CONVERSION = YES;
				CLANG_WARN_NON_LITERAL_NULL_CONVERSION = YES;
				CLANG_WARN_OBJC_IMPLICIT_RETAIN_SELF = YES;
				CLANG_WARN_OBJC_LITERAL_CONVERSION = YES;
				CLANG_WARN_OBJC_ROOT_CLASS = YES_ERROR;
				CLANG_WARN_QUOTED_INCLUDE_IN_FRAMEWORK_HEADER = YES;
				CLANG_WARN_RANGE_LOOP_ANALYSIS = YES;
				CLANG_WARN_STRICT_PROTOTYPES = YES;
				CLANG_WARN_SUSPICIOUS_MOVE = YES;
				CLANG_WARN_UNGUARDED_AVAILABILITY = YES_AGGRESSIVE;
				CLANG_WARN_UNREACHABLE_CODE = YES;
				CLANG_WARN__DUPLICATE_METHOD_MATCH = YES;
				COPY_PHASE_STRIP = NO;
				DEBUG_INFORMATION_FORMAT = "dwarf-with-dsym";
				ENABLE_NS_ASSERTIONS = NO;
				ENABLE_STRICT_OBJC_MSGSEND = YES;
				ENABLE_USER_SCRIPT_SANDBOXING = YES;
				GCC_C_LANGUAGE_STANDARD = gnu17;
				GCC_NO_COMMON_BLOCKS = YES;
				GCC_WARN_64_TO_32_BIT_CONVERSION = YES;
				GCC_WARN_ABOUT_RETURN_TYPE = YES_ERROR;
				GCC_WARN_UNDECLARED_SELECTOR = YES;
				GCC_WARN_UNINITIALIZED_AUTOS = YES_AGGRESSIVE;
				GCC_WARN_UNUSED_FUNCTION = YES;
				GCC_WARN_UNUSED_VARIABLE = YES;
				IPHONEOS_DEPLOYMENT_TARGET = 18.5;
				LOCALIZATION_PREFERS_STRING_CATALOGS = YES;
				MTL_ENABLE_DEBUG_INFO = NO;
				MTL_FAST_MATH = YES;
				SDKROOT = iphoneos;
				SWIFT_COMPILATION_MODE = wholemodule;
				VALIDATE_PRODUCT = YES;
			};
			name = Release;
		};
		D297F9262E493DEC007D3A66 /* Debug */ = {
			isa = XCBuildConfiguration;
			buildSettings = {
				BUNDLE_LOADER = "$(TEST_HOST)";
				CODE_SIGN_STYLE = Automatic;
				CURRENT_PROJECT_VERSION = 1;
				GENERATE_INFOPLIST_FILE = YES;
				IPHONEOS_DEPLOYMENT_TARGET = 18.5;
				MARKETING_VERSION = 1.0;
				PRODUCT_BUNDLE_IDENTIFIER = enginbolat.AirbnbCloneTests;
				PRODUCT_NAME = "$(TARGET_NAME)";
				SWIFT_EMIT_LOC_STRINGS = NO;
				SWIFT_VERSION = 5.0;
				TARGETED_DEVICE_FAMILY = "1,2";
				TEST_HOST = "$(BUILT_PRODUCTS_DIR)/AirbnbClone.app/$(BUNDLE_EXECUTABLE_FOLDER_PATH)/AirbnbClone";
			};
			name = Debug;
		};
		D297F9272E493DEC007D3A66 /* Release */ = {
			isa = XCBuildConfiguration;
			buildSettings = {
				BUNDLE_LOADER = "$(TEST_HOST)";
				CODE_SIGN_STYLE = Automatic;
				CURRENT_PROJECT_VERSION = 1;
				GENERATE_INFOPLIST_FILE = YES;
				IPHONEOS_DEPLOYMENT_TARGET = 18.5;
				MARKETING_VERSION = 1.0;
				PRODUCT_BUNDLE_IDENTIFIER = enginbolat.AirbnbCloneTests;
				PRODUCT_NAME = "$(TARGET_NAME)";
				SWIFT_EMIT_LOC_STRINGS = NO;
				SWIFT_VERSION = 5.0;
				TARGETED_DEVICE_FAMILY = "1,2";
				TEST_HOST = "$(BUILT_PRODUCTS_DIR)/AirbnbClone.app/$(BUNDLE_EXECUTABLE_FOLDER_PATH)/AirbnbClone";
			};
			name = Release;
		};
		D297F9292E493DEC007D3A66 /* Debug */ = {
			isa = XCBuildConfiguration;
			buildSettings = {
				CODE_SIGN_STYLE = Automatic;
				CURRENT_PROJECT_VERSION = 1;
				GENERATE_INFOPLIST_FILE = YES;
				MARKETING_VERSION = 1.0;
				PRODUCT_BUNDLE_IDENTIFIER = enginbolat.AirbnbCloneUITests;
				PRODUCT_NAME = "$(TARGET_NAME)";
				SWIFT_EMIT_LOC_STRINGS = NO;
				SWIFT_VERSION = 5.0;
				TARGETED_DEVICE_FAMILY = "1,2";
				TEST_TARGET_NAME = AirbnbClone;
			};
			name = Debug;
		};
		D297F92A2E493DEC007D3A66 /* Release */ = {
			isa = XCBuildConfiguration;
			buildSettings = {
				CODE_SIGN_STYLE = Automatic;
				CURRENT_PROJECT_VERSION = 1;
				GENERATE_INFOPLIST_FILE = YES;
				MARKETING_VERSION = 1.0;
				PRODUCT_BUNDLE_IDENTIFIER = enginbolat.AirbnbCloneUITests;
				PRODUCT_NAME = "$(TARGET_NAME)";
				SWIFT_EMIT_LOC_STRINGS = NO;
				SWIFT_VERSION = 5.0;
				TARGETED_DEVICE_FAMILY = "1,2";
				TEST_TARGET_NAME = AirbnbClone;
			};
			name = Release;
		};
/* End XCBuildConfiguration section */

/* Begin XCConfigurationList section */
		D297F8F22E493DEC007D3A66 /* Build configuration list for PBXProject "AirbnbClone" */ = {
			isa = XCConfigurationList;
			buildConfigurations = (
				D297F9232E493DEC007D3A66 /* Debug */,
				D297F9242E493DEC007D3A66 /* Release */,
			);
			defaultConfigurationIsVisible = 0;
			defaultConfigurationName = Release;
		};
		D297F9202E493DEC007D3A66 /* Build configuration list for PBXNativeTarget "AirbnbClone" */ = {
			isa = XCConfigurationList;
			buildConfigurations = (
				D297F9212E493DEC007D3A66 /* Debug */,
				D297F9222E493DEC007D3A66 /* Release */,
			);
			defaultConfigurationIsVisible = 0;
			defaultConfigurationName = Release;
		};
		D297F9252E493DEC007D3A66 /* Build configuration list for PBXNativeTarget "AirbnbCloneTests" */ = {
			isa = XCConfigurationList;
			buildConfigurations = (
				D297F9262E493DEC007D3A66 /* Debug */,
				D297F9272E493DEC007D3A66 /* Release */,
			);
			defaultConfigurationIsVisible = 0;
			defaultConfigurationName = Release;
		};
		D297F9282E493DEC007D3A66 /* Build configuration list for PBXNativeTarget "AirbnbCloneUITests" */ = {
			isa = XCConfigurationList;
			buildConfigurations = (
				D297F9292E493DEC007D3A66 /* Debug */,
				D297F92A2E493DEC007D3A66 /* Release */,
			);
			defaultConfigurationIsVisible = 0;
			defaultConfigurationName = Release;
		};
/* End XCConfigurationList section */
	};
	rootObject = D297F8EF2E493DEC007D3A66 /* Project object */;
}
